
Microsoft Visual Studio Solution File, Format Version 12.00
# Visual Studio Version 16
VisualStudioVersion = 16.0.31205.134
MinimumVisualStudioVersion = 10.0.40219.1
Project("{9A19103F-16F7-4668-BE54-9A1E7A4F7556}") = "Task2", "Task2\Task2.csproj", "{52D68F74-FEB5-4414-A798-CEFA47507780}"
EndProject
Project("{FAE04EC0-301F-11D3-BF4B-00C04F79EFBC}") = "Task2test", "Task2test\Task2test.csproj", "{AC60A80D-A408-4258-9A7B-0499D4AE98E6}"
EndProject
Global
	GlobalSection(SolutionConfigurationPlatforms) = preSolution
		Debug|Any CPU = Debug|Any CPU
		Release|Any CPU = Release|Any CPU
	EndGlobalSection
	GlobalSection(ProjectConfigurationPlatforms) = postSolution
		{52D68F74-FEB5-4414-A798-CEFA47507780}.Debug|Any CPU.ActiveCfg = Debug|Any CPU
		{52D68F74-FEB5-4414-A798-CEFA47507780}.Debug|Any CPU.Build.0 = Debug|Any CPU
		{52D68F74-FEB5-4414-A798-CEFA47507780}.Release|Any CPU.ActiveCfg = Release|Any CPU
		{52D68F74-FEB5-4414-A798-CEFA47507780}.Release|Any CPU.Build.0 = Release|Any CPU
		{AC60A80D-A408-4258-9A7B-0499D4AE98E6}.Debug|Any CPU.ActiveCfg = Debug|Any CPU
		{AC60A80D-A408-4258-9A7B-0499D4AE98E6}.Debug|Any CPU.Build.0 = Debug|Any CPU
		{AC60A80D-A408-4258-9A7B-0499D4AE98E6}.Release|Any CPU.ActiveCfg = Release|Any CPU
		{AC60A80D-A408-4258-9A7B-0499D4AE98E6}.Release|Any CPU.Build.0 = Release|Any CPU
	EndGlobalSection
	GlobalSection(SolutionProperties) = preSolution
		HideSolutionNode = FALSE
	EndGlobalSection
	GlobalSection(ExtensibilityGlobals) = postSolution
		SolutionGuid = {F93E5833-E9E3-43FC-81E2-9CC36232C99E}
	EndGlobalSection
EndGlobal
